
Microsoft Visual Studio Solution File, Format Version 12.00
# Visual Studio 15
VisualStudioVersion = 15.0.28307.489
MinimumVisualStudioVersion = 10.0.40219.1
Project("{FAE04EC0-301F-11D3-BF4B-00C04F79EFBC}") = "Sample.Data", "Sample.Data\Sample.Data.csproj", "{D6ED108B-0831-49F4-A984-FEB69356B638}"
EndProject
Project("{FAE04EC0-301F-11D3-BF4B-00C04F79EFBC}") = "Sample.Services", "Sample.Services\Sample.Services.csproj", "{A3828D35-24FD-4CE4-968C-0B6C889C4976}"
EndProject
Project("{FAE04EC0-301F-11D3-BF4B-00C04F79EFBC}") = "01.Sample.App.NoMVVM.NoBinding", "01.Sample.App.NoMVVM.NoBinding\01.Sample.App.NoMVVM.NoBinding.csproj", "{D9BAAC63-43E2-42E8-A1A2-CD5A53BA32AA}"
EndProject
Project("{FAE04EC0-301F-11D3-BF4B-00C04F79EFBC}") = "03.Sample.App.MVVM", "03.Sample.App.MVVM\03.Sample.App.MVVM.csproj", "{60A104BE-7478-4B79-904E-9B04655FB66A}"
EndProject
Project("{FAE04EC0-301F-11D3-BF4B-00C04F79EFBC}") = "02.Sample.App.OnlyBinding", "02.Sample.App.OnlyBinding\02.Sample.App.OnlyBinding.csproj", "{3760E9EB-B647-444E-85EA-278625A679B8}"
EndProject
Global
	GlobalSection(SolutionConfigurationPlatforms) = preSolution
		Debug|Any CPU = Debug|Any CPU
		Release|Any CPU = Release|Any CPU
	EndGlobalSection
	GlobalSection(ProjectConfigurationPlatforms) = postSolution
		{D6ED108B-0831-49F4-A984-FEB69356B638}.Debug|Any CPU.ActiveCfg = Debug|Any CPU
		{D6ED108B-0831-49F4-A984-FEB69356B638}.Debug|Any CPU.Build.0 = Debug|Any CPU
		{D6ED108B-0831-49F4-A984-FEB69356B638}.Release|Any CPU.ActiveCfg = Release|Any CPU
		{D6ED108B-0831-49F4-A984-FEB69356B638}.Release|Any CPU.Build.0 = Release|Any CPU
		{A3828D35-24FD-4CE4-968C-0B6C889C4976}.Debug|Any CPU.ActiveCfg = Debug|Any CPU
		{A3828D35-24FD-4CE4-968C-0B6C889C4976}.Debug|Any CPU.Build.0 = Debug|Any CPU
		{A3828D35-24FD-4CE4-968C-0B6C889C4976}.Release|Any CPU.ActiveCfg = Release|Any CPU
		{A3828D35-24FD-4CE4-968C-0B6C889C4976}.Release|Any CPU.Build.0 = Release|Any CPU
		{D9BAAC63-43E2-42E8-A1A2-CD5A53BA32AA}.Debug|Any CPU.ActiveCfg = Debug|Any CPU
		{D9BAAC63-43E2-42E8-A1A2-CD5A53BA32AA}.Debug|Any CPU.Build.0 = Debug|Any CPU
		{D9BAAC63-43E2-42E8-A1A2-CD5A53BA32AA}.Release|Any CPU.ActiveCfg = Release|Any CPU
		{D9BAAC63-43E2-42E8-A1A2-CD5A53BA32AA}.Release|Any CPU.Build.0 = Release|Any CPU
		{60A104BE-7478-4B79-904E-9B04655FB66A}.Debug|Any CPU.ActiveCfg = Debug|Any CPU
		{60A104BE-7478-4B79-904E-9B04655FB66A}.Debug|Any CPU.Build.0 = Debug|Any CPU
		{60A104BE-7478-4B79-904E-9B04655FB66A}.Release|Any CPU.ActiveCfg = Release|Any CPU
		{60A104BE-7478-4B79-904E-9B04655FB66A}.Release|Any CPU.Build.0 = Release|Any CPU
		{3760E9EB-B647-444E-85EA-278625A679B8}.Debug|Any CPU.ActiveCfg = Debug|Any CPU
		{3760E9EB-B647-444E-85EA-278625A679B8}.Debug|Any CPU.Build.0 = Debug|Any CPU
		{3760E9EB-B647-444E-85EA-278625A679B8}.Release|Any CPU.ActiveCfg = Release|Any CPU
		{3760E9EB-B647-444E-85EA-278625A679B8}.Release|Any CPU.Build.0 = Release|Any CPU
	EndGlobalSection
	GlobalSection(SolutionProperties) = preSolution
		HideSolutionNode = FALSE
	EndGlobalSection
	GlobalSection(ExtensibilityGlobals) = postSolution
		SolutionGuid = {E1AD7429-B7EC-420F-8B5A-42BFFA13507D}
	EndGlobalSection
EndGlobal
